
Microsoft Visual Studio Solution File, Format Version 12.00
# Visual Studio Version 16
VisualStudioVersion = 16.0.31229.75
MinimumVisualStudioVersion = 10.0.40219.1
Project("{FAE04EC0-301F-11D3-BF4B-00C04F79EFBC}") = "Archigen", "Archigen\Archigen.csproj", "{C04E0C13-120C-4A7E-87C8-5AF8198D29FE}"
EndProject
Project("{FAE04EC0-301F-11D3-BF4B-00C04F79EFBC}") = "Archigen.Example", "Archigen.Example\Archigen.Example.csproj", "{4F72A841-2B84-43C4-80EF-08C14D35FBFA}"
EndProject
Global
	GlobalSection(SolutionConfigurationPlatforms) = preSolution
		Debug|Any CPU = Debug|Any CPU
		Release|Any CPU = Release|Any CPU
	EndGlobalSection
	GlobalSection(ProjectConfigurationPlatforms) = postSolution
		{C04E0C13-120C-4A7E-87C8-5AF8198D29FE}.Debug|Any CPU.ActiveCfg = Debug|Any CPU
		{C04E0C13-120C-4A7E-87C8-5AF8198D29FE}.Debug|Any CPU.Build.0 = Debug|Any CPU
		{C04E0C13-120C-4A7E-87C8-5AF8198D29FE}.Release|Any CPU.ActiveCfg = Release|Any CPU
		{C04E0C13-120C-4A7E-87C8-5AF8198D29FE}.Release|Any CPU.Build.0 = Release|Any CPU
		{4F72A841-2B84-43C4-80EF-08C14D35FBFA}.Debug|Any CPU.ActiveCfg = Debug|Any CPU
		{4F72A841-2B84-43C4-80EF-08C14D35FBFA}.Debug|Any CPU.Build.0 = Debug|Any CPU
		{4F72A841-2B84-43C4-80EF-08C14D35FBFA}.Release|Any CPU.ActiveCfg = Release|Any CPU
		{4F72A841-2B84-43C4-80EF-08C14D35FBFA}.Release|Any CPU.Build.0 = Release|Any CPU
	EndGlobalSection
	GlobalSection(SolutionProperties) = preSolution
		HideSolutionNode = FALSE
	EndGlobalSection
	GlobalSection(ExtensibilityGlobals) = postSolution
		SolutionGuid = {EE1EDF08-9374-4FE7-AF4D-1F94281F2F87}
	EndGlobalSection
EndGlobal
